{
  "requires": true,
  "lockfileVersion": 1,
  "dependencies": {
    "angular-modal-service": {
      "version": "0.15.1",
      "resolved": "https://registry.npmjs.org/angular-modal-service/-/angular-modal-service-0.15.1.tgz",
      "integrity": "sha512-d3ANricbWln5th4IalbtP0SKTnGFvbIM0NhrDXW1FHdmYYwQwrWPtbXJfAsMMxalp9y/u0XmgC4b+l5mYQ3Miw=="
    }
  }
}
